
Microsoft Visual Studio Solution File, Format Version 12.00
# Visual Studio 15
VisualStudioVersion = 15.0.26124.0
MinimumVisualStudioVersion = 15.0.26124.0
Project("{FAE04EC0-301F-11D3-BF4B-00C04F79EFBC}") = "Rules.Expressions", "Rules.Expressions\Rules.Expressions.csproj", "{7D234961-7B19-4C6C-8F5B-83D41993AAED}"
EndProject
Project("{FAE04EC0-301F-11D3-BF4B-00C04F79EFBC}") = "Rules.Expressions.Tests", "Rules.Expressions.Tests\Rules.Expressions.Tests.csproj", "{5EF60014-A2AB-44F0-8ACB-EE150C72D4A4}"
EndProject
Project("{FAE04EC0-301F-11D3-BF4B-00C04F79EFBC}") = "Rules.Engines", "Rules.Engines\Rules.Engines.csproj", "{5A19A0DB-0E80-41D7-A2EE-7FD68E4E0AB7}"
EndProject
Project("{2150E333-8FDC-42A3-9474-1A3956D46DE8}") = "Common", "Common", "{7B650264-76E5-4102-9CA1-D8AE57134DA7}"
EndProject
Project("{FAE04EC0-301F-11D3-BF4B-00C04F79EFBC}") = "Common.Cache", "Common\Common.Cache\Common.Cache.csproj", "{4C931DDB-39F1-467D-81B0-995A62E68F1E}"
EndProject
Project("{FAE04EC0-301F-11D3-BF4B-00C04F79EFBC}") = "Common.Storage", "Common\Common.Storage\Common.Storage.csproj", "{20760960-7E2B-44C3-BB80-EB84F4BAC89C}"
EndProject
Project("{FAE04EC0-301F-11D3-BF4B-00C04F79EFBC}") = "Common.Telemetry", "Common\Common.Telemetry\Common.Telemetry.csproj", "{67BB71BE-7E1B-4506-B969-05E8A0D854BE}"
EndProject
Project("{FAE04EC0-301F-11D3-BF4B-00C04F79EFBC}") = "Common.KeyVault", "Common\Common.KeyVault\Common.KeyVault.csproj", "{89E05AE0-8E43-4C31-A196-A191C5BB13C3}"
EndProject
Project("{FAE04EC0-301F-11D3-BF4B-00C04F79EFBC}") = "Common.Config", "Common\Common.Config\Common.Config.csproj", "{0D0BCF68-3FA2-474C-B5A4-C8CF46206BE8}"
EndProject
Project("{FAE04EC0-301F-11D3-BF4B-00C04F79EFBC}") = "Common.Auth", "Common\Common.Auth\Common.Auth.csproj", "{2C834130-CAC2-4329-8FED-2129D7D43CCD}"
EndProject
Project("{FAE04EC0-301F-11D3-BF4B-00C04F79EFBC}") = "Rules.Script", "Rules.Script\Rules.Script.csproj", "{28354337-FDBE-41AF-85DF-9C38AA739316}"
EndProject
Global
	GlobalSection(SolutionConfigurationPlatforms) = preSolution
		Debug|Any CPU = Debug|Any CPU
		Debug|x64 = Debug|x64
		Debug|x86 = Debug|x86
		Release|Any CPU = Release|Any CPU
		Release|x64 = Release|x64
		Release|x86 = Release|x86
	EndGlobalSection
	GlobalSection(SolutionProperties) = preSolution
		HideSolutionNode = FALSE
	EndGlobalSection
	GlobalSection(ProjectConfigurationPlatforms) = postSolution
		{7D234961-7B19-4C6C-8F5B-83D41993AAED}.Debug|Any CPU.ActiveCfg = Debug|Any CPU
		{7D234961-7B19-4C6C-8F5B-83D41993AAED}.Debug|Any CPU.Build.0 = Debug|Any CPU
		{7D234961-7B19-4C6C-8F5B-83D41993AAED}.Debug|x64.ActiveCfg = Debug|Any CPU
		{7D234961-7B19-4C6C-8F5B-83D41993AAED}.Debug|x64.Build.0 = Debug|Any CPU
		{7D234961-7B19-4C6C-8F5B-83D41993AAED}.Debug|x86.ActiveCfg = Debug|Any CPU
		{7D234961-7B19-4C6C-8F5B-83D41993AAED}.Debug|x86.Build.0 = Debug|Any CPU
		{7D234961-7B19-4C6C-8F5B-83D41993AAED}.Release|Any CPU.ActiveCfg = Release|Any CPU
		{7D234961-7B19-4C6C-8F5B-83D41993AAED}.Release|Any CPU.Build.0 = Release|Any CPU
		{7D234961-7B19-4C6C-8F5B-83D41993AAED}.Release|x64.ActiveCfg = Release|Any CPU
		{7D234961-7B19-4C6C-8F5B-83D41993AAED}.Release|x64.Build.0 = Release|Any CPU
		{7D234961-7B19-4C6C-8F5B-83D41993AAED}.Release|x86.ActiveCfg = Release|Any CPU
		{7D234961-7B19-4C6C-8F5B-83D41993AAED}.Release|x86.Build.0 = Release|Any CPU
		{5EF60014-A2AB-44F0-8ACB-EE150C72D4A4}.Debug|Any CPU.ActiveCfg = Debug|Any CPU
		{5EF60014-A2AB-44F0-8ACB-EE150C72D4A4}.Debug|Any CPU.Build.0 = Debug|Any CPU
		{5EF60014-A2AB-44F0-8ACB-EE150C72D4A4}.Debug|x64.ActiveCfg = Debug|Any CPU
		{5EF60014-A2AB-44F0-8ACB-EE150C72D4A4}.Debug|x64.Build.0 = Debug|Any CPU
		{5EF60014-A2AB-44F0-8ACB-EE150C72D4A4}.Debug|x86.ActiveCfg = Debug|Any CPU
		{5EF60014-A2AB-44F0-8ACB-EE150C72D4A4}.Debug|x86.Build.0 = Debug|Any CPU
		{5EF60014-A2AB-44F0-8ACB-EE150C72D4A4}.Release|Any CPU.ActiveCfg = Release|Any CPU
		{5EF60014-A2AB-44F0-8ACB-EE150C72D4A4}.Release|Any CPU.Build.0 = Release|Any CPU
		{5EF60014-A2AB-44F0-8ACB-EE150C72D4A4}.Release|x64.ActiveCfg = Release|Any CPU
		{5EF60014-A2AB-44F0-8ACB-EE150C72D4A4}.Release|x64.Build.0 = Release|Any CPU
		{5EF60014-A2AB-44F0-8ACB-EE150C72D4A4}.Release|x86.ActiveCfg = Release|Any CPU
		{5EF60014-A2AB-44F0-8ACB-EE150C72D4A4}.Release|x86.Build.0 = Release|Any CPU
		{5A19A0DB-0E80-41D7-A2EE-7FD68E4E0AB7}.Debug|Any CPU.ActiveCfg = Debug|Any CPU
		{5A19A0DB-0E80-41D7-A2EE-7FD68E4E0AB7}.Debug|Any CPU.Build.0 = Debug|Any CPU
		{5A19A0DB-0E80-41D7-A2EE-7FD68E4E0AB7}.Debug|x64.ActiveCfg = Debug|Any CPU
		{5A19A0DB-0E80-41D7-A2EE-7FD68E4E0AB7}.Debug|x64.Build.0 = Debug|Any CPU
		{5A19A0DB-0E80-41D7-A2EE-7FD68E4E0AB7}.Debug|x86.ActiveCfg = Debug|Any CPU
		{5A19A0DB-0E80-41D7-A2EE-7FD68E4E0AB7}.Debug|x86.Build.0 = Debug|Any CPU
		{5A19A0DB-0E80-41D7-A2EE-7FD68E4E0AB7}.Release|Any CPU.ActiveCfg = Release|Any CPU
		{5A19A0DB-0E80-41D7-A2EE-7FD68E4E0AB7}.Release|Any CPU.Build.0 = Release|Any CPU
		{5A19A0DB-0E80-41D7-A2EE-7FD68E4E0AB7}.Release|x64.ActiveCfg = Release|Any CPU
		{5A19A0DB-0E80-41D7-A2EE-7FD68E4E0AB7}.Release|x64.Build.0 = Release|Any CPU
		{5A19A0DB-0E80-41D7-A2EE-7FD68E4E0AB7}.Release|x86.ActiveCfg = Release|Any CPU
		{5A19A0DB-0E80-41D7-A2EE-7FD68E4E0AB7}.Release|x86.Build.0 = Release|Any CPU
		{4C931DDB-39F1-467D-81B0-995A62E68F1E}.Debug|Any CPU.ActiveCfg = Debug|Any CPU
		{4C931DDB-39F1-467D-81B0-995A62E68F1E}.Debug|Any CPU.Build.0 = Debug|Any CPU
		{4C931DDB-39F1-467D-81B0-995A62E68F1E}.Debug|x64.ActiveCfg = Debug|Any CPU
		{4C931DDB-39F1-467D-81B0-995A62E68F1E}.Debug|x64.Build.0 = Debug|Any CPU
		{4C931DDB-39F1-467D-81B0-995A62E68F1E}.Debug|x86.ActiveCfg = Debug|Any CPU
		{4C931DDB-39F1-467D-81B0-995A62E68F1E}.Debug|x86.Build.0 = Debug|Any CPU
		{4C931DDB-39F1-467D-81B0-995A62E68F1E}.Release|Any CPU.ActiveCfg = Release|Any CPU
		{4C931DDB-39F1-467D-81B0-995A62E68F1E}.Release|Any CPU.Build.0 = Release|Any CPU
		{4C931DDB-39F1-467D-81B0-995A62E68F1E}.Release|x64.ActiveCfg = Release|Any CPU
		{4C931DDB-39F1-467D-81B0-995A62E68F1E}.Release|x64.Build.0 = Release|Any CPU
		{4C931DDB-39F1-467D-81B0-995A62E68F1E}.Release|x86.ActiveCfg = Release|Any CPU
		{4C931DDB-39F1-467D-81B0-995A62E68F1E}.Release|x86.Build.0 = Release|Any CPU
		{20760960-7E2B-44C3-BB80-EB84F4BAC89C}.Debug|Any CPU.ActiveCfg = Debug|Any CPU
		{20760960-7E2B-44C3-BB80-EB84F4BAC89C}.Debug|Any CPU.Build.0 = Debug|Any CPU
		{20760960-7E2B-44C3-BB80-EB84F4BAC89C}.Debug|x64.ActiveCfg = Debug|Any CPU
		{20760960-7E2B-44C3-BB80-EB84F4BAC89C}.Debug|x64.Build.0 = Debug|Any CPU
		{20760960-7E2B-44C3-BB80-EB84F4BAC89C}.Debug|x86.ActiveCfg = Debug|Any CPU
		{20760960-7E2B-44C3-BB80-EB84F4BAC89C}.Debug|x86.Build.0 = Debug|Any CPU
		{20760960-7E2B-44C3-BB80-EB84F4BAC89C}.Release|Any CPU.ActiveCfg = Release|Any CPU
		{20760960-7E2B-44C3-BB80-EB84F4BAC89C}.Release|Any CPU.Build.0 = Release|Any CPU
		{20760960-7E2B-44C3-BB80-EB84F4BAC89C}.Release|x64.ActiveCfg = Release|Any CPU
		{20760960-7E2B-44C3-BB80-EB84F4BAC89C}.Release|x64.Build.0 = Release|Any CPU
		{20760960-7E2B-44C3-BB80-EB84F4BAC89C}.Release|x86.ActiveCfg = Release|Any CPU
		{20760960-7E2B-44C3-BB80-EB84F4BAC89C}.Release|x86.Build.0 = Release|Any CPU
		{67BB71BE-7E1B-4506-B969-05E8A0D854BE}.Debug|Any CPU.ActiveCfg = Debug|Any CPU
		{67BB71BE-7E1B-4506-B969-05E8A0D854BE}.Debug|Any CPU.Build.0 = Debug|Any CPU
		{67BB71BE-7E1B-4506-B969-05E8A0D854BE}.Debug|x64.ActiveCfg = Debug|Any CPU
		{67BB71BE-7E1B-4506-B969-05E8A0D854BE}.Debug|x64.Build.0 = Debug|Any CPU
		{67BB71BE-7E1B-4506-B969-05E8A0D854BE}.Debug|x86.ActiveCfg = Debug|Any CPU
		{67BB71BE-7E1B-4506-B969-05E8A0D854BE}.Debug|x86.Build.0 = Debug|Any CPU
		{67BB71BE-7E1B-4506-B969-05E8A0D854BE}.Release|Any CPU.ActiveCfg = Release|Any CPU
		{67BB71BE-7E1B-4506-B969-05E8A0D854BE}.Release|Any CPU.Build.0 = Release|Any CPU
		{67BB71BE-7E1B-4506-B969-05E8A0D854BE}.Release|x64.ActiveCfg = Release|Any CPU
		{67BB71BE-7E1B-4506-B969-05E8A0D854BE}.Release|x64.Build.0 = Release|Any CPU
		{67BB71BE-7E1B-4506-B969-05E8A0D854BE}.Release|x86.ActiveCfg = Release|Any CPU
		{67BB71BE-7E1B-4506-B969-05E8A0D854BE}.Release|x86.Build.0 = Release|Any CPU
		{89E05AE0-8E43-4C31-A196-A191C5BB13C3}.Debug|Any CPU.ActiveCfg = Debug|Any CPU
		{89E05AE0-8E43-4C31-A196-A191C5BB13C3}.Debug|Any CPU.Build.0 = Debug|Any CPU
		{89E05AE0-8E43-4C31-A196-A191C5BB13C3}.Debug|x64.ActiveCfg = Debug|Any CPU
		{89E05AE0-8E43-4C31-A196-A191C5BB13C3}.Debug|x64.Build.0 = Debug|Any CPU
		{89E05AE0-8E43-4C31-A196-A191C5BB13C3}.Debug|x86.ActiveCfg = Debug|Any CPU
		{89E05AE0-8E43-4C31-A196-A191C5BB13C3}.Debug|x86.Build.0 = Debug|Any CPU
		{89E05AE0-8E43-4C31-A196-A191C5BB13C3}.Release|Any CPU.ActiveCfg = Release|Any CPU
		{89E05AE0-8E43-4C31-A196-A191C5BB13C3}.Release|Any CPU.Build.0 = Release|Any CPU
		{89E05AE0-8E43-4C31-A196-A191C5BB13C3}.Release|x64.ActiveCfg = Release|Any CPU
		{89E05AE0-8E43-4C31-A196-A191C5BB13C3}.Release|x64.Build.0 = Release|Any CPU
		{89E05AE0-8E43-4C31-A196-A191C5BB13C3}.Release|x86.ActiveCfg = Release|Any CPU
		{89E05AE0-8E43-4C31-A196-A191C5BB13C3}.Release|x86.Build.0 = Release|Any CPU
		{0D0BCF68-3FA2-474C-B5A4-C8CF46206BE8}.Debug|Any CPU.ActiveCfg = Debug|Any CPU
		{0D0BCF68-3FA2-474C-B5A4-C8CF46206BE8}.Debug|Any CPU.Build.0 = Debug|Any CPU
		{0D0BCF68-3FA2-474C-B5A4-C8CF46206BE8}.Debug|x64.ActiveCfg = Debug|Any CPU
		{0D0BCF68-3FA2-474C-B5A4-C8CF46206BE8}.Debug|x64.Build.0 = Debug|Any CPU
		{0D0BCF68-3FA2-474C-B5A4-C8CF46206BE8}.Debug|x86.ActiveCfg = Debug|Any CPU
		{0D0BCF68-3FA2-474C-B5A4-C8CF46206BE8}.Debug|x86.Build.0 = Debug|Any CPU
		{0D0BCF68-3FA2-474C-B5A4-C8CF46206BE8}.Release|Any CPU.ActiveCfg = Release|Any CPU
		{0D0BCF68-3FA2-474C-B5A4-C8CF46206BE8}.Release|Any CPU.Build.0 = Release|Any CPU
		{0D0BCF68-3FA2-474C-B5A4-C8CF46206BE8}.Release|x64.ActiveCfg = Release|Any CPU
		{0D0BCF68-3FA2-474C-B5A4-C8CF46206BE8}.Release|x64.Build.0 = Release|Any CPU
		{0D0BCF68-3FA2-474C-B5A4-C8CF46206BE8}.Release|x86.ActiveCfg = Release|Any CPU
		{0D0BCF68-3FA2-474C-B5A4-C8CF46206BE8}.Release|x86.Build.0 = Release|Any CPU
		{2C834130-CAC2-4329-8FED-2129D7D43CCD}.Debug|Any CPU.ActiveCfg = Debug|Any CPU
		{2C834130-CAC2-4329-8FED-2129D7D43CCD}.Debug|Any CPU.Build.0 = Debug|Any CPU
		{2C834130-CAC2-4329-8FED-2129D7D43CCD}.Debug|x64.ActiveCfg = Debug|Any CPU
		{2C834130-CAC2-4329-8FED-2129D7D43CCD}.Debug|x64.Build.0 = Debug|Any CPU
		{2C834130-CAC2-4329-8FED-2129D7D43CCD}.Debug|x86.ActiveCfg = Debug|Any CPU
		{2C834130-CAC2-4329-8FED-2129D7D43CCD}.Debug|x86.Build.0 = Debug|Any CPU
		{2C834130-CAC2-4329-8FED-2129D7D43CCD}.Release|Any CPU.ActiveCfg = Release|Any CPU
		{2C834130-CAC2-4329-8FED-2129D7D43CCD}.Release|Any CPU.Build.0 = Release|Any CPU
		{2C834130-CAC2-4329-8FED-2129D7D43CCD}.Release|x64.ActiveCfg = Release|Any CPU
		{2C834130-CAC2-4329-8FED-2129D7D43CCD}.Release|x64.Build.0 = Release|Any CPU
		{2C834130-CAC2-4329-8FED-2129D7D43CCD}.Release|x86.ActiveCfg = Release|Any CPU
		{2C834130-CAC2-4329-8FED-2129D7D43CCD}.Release|x86.Build.0 = Release|Any CPU
		{28354337-FDBE-41AF-85DF-9C38AA739316}.Debug|Any CPU.ActiveCfg = Debug|Any CPU
		{28354337-FDBE-41AF-85DF-9C38AA739316}.Debug|Any CPU.Build.0 = Debug|Any CPU
		{28354337-FDBE-41AF-85DF-9C38AA739316}.Debug|x64.ActiveCfg = Debug|Any CPU
		{28354337-FDBE-41AF-85DF-9C38AA739316}.Debug|x64.Build.0 = Debug|Any CPU
		{28354337-FDBE-41AF-85DF-9C38AA739316}.Debug|x86.ActiveCfg = Debug|Any CPU
		{28354337-FDBE-41AF-85DF-9C38AA739316}.Debug|x86.Build.0 = Debug|Any CPU
		{28354337-FDBE-41AF-85DF-9C38AA739316}.Release|Any CPU.ActiveCfg = Release|Any CPU
		{28354337-FDBE-41AF-85DF-9C38AA739316}.Release|Any CPU.Build.0 = Release|Any CPU
		{28354337-FDBE-41AF-85DF-9C38AA739316}.Release|x64.ActiveCfg = Release|Any CPU
		{28354337-FDBE-41AF-85DF-9C38AA739316}.Release|x64.Build.0 = Release|Any CPU
		{28354337-FDBE-41AF-85DF-9C38AA739316}.Release|x86.ActiveCfg = Release|Any CPU
		{28354337-FDBE-41AF-85DF-9C38AA739316}.Release|x86.Build.0 = Release|Any CPU
	EndGlobalSection
	GlobalSection(NestedProjects) = preSolution
		{4C931DDB-39F1-467D-81B0-995A62E68F1E} = {7B650264-76E5-4102-9CA1-D8AE57134DA7}
		{20760960-7E2B-44C3-BB80-EB84F4BAC89C} = {7B650264-76E5-4102-9CA1-D8AE57134DA7}
		{67BB71BE-7E1B-4506-B969-05E8A0D854BE} = {7B650264-76E5-4102-9CA1-D8AE57134DA7}
		{89E05AE0-8E43-4C31-A196-A191C5BB13C3} = {7B650264-76E5-4102-9CA1-D8AE57134DA7}
		{0D0BCF68-3FA2-474C-B5A4-C8CF46206BE8} = {7B650264-76E5-4102-9CA1-D8AE57134DA7}
		{2C834130-CAC2-4329-8FED-2129D7D43CCD} = {7B650264-76E5-4102-9CA1-D8AE57134DA7}
	EndGlobalSection
EndGlobal
